
Microsoft Visual Studio Solution File, Format Version 12.00
# Visual Studio Version 17
VisualStudioVersion = 17.4.33122.133
MinimumVisualStudioVersion = 10.0.40219.1
Project("{FAE04EC0-301F-11D3-BF4B-00C04F79EFBC}") = "TelgeProject", "TelgeProject.csproj", "{1D63033A-4E0F-464F-B5EA-2A076D47993D}"
EndProject
Global
	GlobalSection(SolutionConfigurationPlatforms) = preSolution
		Debug|Any CPU = Debug|Any CPU
		Release|Any CPU = Release|Any CPU
	EndGlobalSection
	GlobalSection(ProjectConfigurationPlatforms) = postSolution
		{1D63033A-4E0F-464F-B5EA-2A076D47993D}.Debug|Any CPU.ActiveCfg = Debug|Any CPU
		{1D63033A-4E0F-464F-B5EA-2A076D47993D}.Debug|Any CPU.Build.0 = Debug|Any CPU
		{1D63033A-4E0F-464F-B5EA-2A076D47993D}.Release|Any CPU.ActiveCfg = Release|Any CPU
		{1D63033A-4E0F-464F-B5EA-2A076D47993D}.Release|Any CPU.Build.0 = Release|Any CPU
	EndGlobalSection
	GlobalSection(SolutionProperties) = preSolution
		HideSolutionNode = FALSE
	EndGlobalSection
	GlobalSection(ExtensibilityGlobals) = postSolution
		SolutionGuid = {DD014FD3-9667-4AE5-9AB2-FC450E77DB45}
	EndGlobalSection
EndGlobal
